
Microsoft Visual Studio Solution File, Format Version 12.00
# Visual Studio Version 16
VisualStudioVersion = 16.0.30621.155
MinimumVisualStudioVersion = 10.0.40219.1
Project("{FAE04EC0-301F-11D3-BF4B-00C04F79EFBC}") = "AdventOfCode01", "AdventOfCode01.csproj", "{05E353F9-48D1-45D1-A38F-6749AB8330CA}"
EndProject
Global
	GlobalSection(SolutionConfigurationPlatforms) = preSolution
		Debug|Any CPU = Debug|Any CPU
		Release|Any CPU = Release|Any CPU
	EndGlobalSection
	GlobalSection(ProjectConfigurationPlatforms) = postSolution
		{05E353F9-48D1-45D1-A38F-6749AB8330CA}.Debug|Any CPU.ActiveCfg = Debug|Any CPU
		{05E353F9-48D1-45D1-A38F-6749AB8330CA}.Debug|Any CPU.Build.0 = Debug|Any CPU
		{05E353F9-48D1-45D1-A38F-6749AB8330CA}.Release|Any CPU.ActiveCfg = Release|Any CPU
		{05E353F9-48D1-45D1-A38F-6749AB8330CA}.Release|Any CPU.Build.0 = Release|Any CPU
	EndGlobalSection
	GlobalSection(SolutionProperties) = preSolution
		HideSolutionNode = FALSE
	EndGlobalSection
	GlobalSection(ExtensibilityGlobals) = postSolution
		SolutionGuid = {5CCAF108-D07C-4303-9D5B-760BEC8BDB4C}
	EndGlobalSection
EndGlobal
